
Microsoft Visual Studio Solution File, Format Version 12.00
#
Project("{FAE04EC0-301F-11D3-BF4B-00C04F79EFBC}") = "ProjectDaedalus.API", "ProjectDaedalus.API\ProjectDaedalus.API.csproj", "{CAAF1275-4659-4EE3-B93E-A93550FB80F3}"
EndProject
Project("{FAE04EC0-301F-11D3-BF4B-00C04F79EFBC}") = "ProjectDaedalus.Core", "ProjectDaedalus.Core\ProjectDaedalus.Core.csproj", "{52A9B67F-8E19-4463-A7E0-21B573138EF8}"
EndProject
Project("{FAE04EC0-301F-11D3-BF4B-00C04F79EFBC}") = "ProjectDaedalus.Infrastructure", "ProjectDaedalus.Infrastructure\ProjectDaedalus.Infrastructure.csproj", "{F08C9A60-2743-47E7-BFB4-BD7B356717E4}"
EndProject
Project("{FAE04EC0-301F-11D3-BF4B-00C04F79EFBC}") = "ProjectDaeadalus.Bridge", "ProjectDaeadalus.Bridge\ProjectDaeadalus.Bridge.csproj", "{EC4A147D-BF64-4F87-9518-0D40334C3686}"
EndProject
Project("{FAE04EC0-301F-11D3-BF4B-00C04F79EFBC}") = "ProjectDaedalus.Scripts", "ProjectDaedalus.Scripts\ProjectDaedalus.Scripts.csproj", "{E72E11C5-8D97-413C-B79C-8A802356FC3A}"
EndProject
Global
	GlobalSection(SolutionConfigurationPlatforms) = preSolution
		Debug|Any CPU = Debug|Any CPU
		Release|Any CPU = Release|Any CPU
	EndGlobalSection
	GlobalSection(ProjectConfigurationPlatforms) = postSolution
		{CAAF1275-4659-4EE3-B93E-A93550FB80F3}.Debug|Any CPU.ActiveCfg = Debug|Any CPU
		{CAAF1275-4659-4EE3-B93E-A93550FB80F3}.Debug|Any CPU.Build.0 = Debug|Any CPU
		{CAAF1275-4659-4EE3-B93E-A93550FB80F3}.Release|Any CPU.ActiveCfg = Release|Any CPU
		{CAAF1275-4659-4EE3-B93E-A93550FB80F3}.Release|Any CPU.Build.0 = Release|Any CPU
		{52A9B67F-8E19-4463-A7E0-21B573138EF8}.Debug|Any CPU.ActiveCfg = Debug|Any CPU
		{52A9B67F-8E19-4463-A7E0-21B573138EF8}.Debug|Any CPU.Build.0 = Debug|Any CPU
		{52A9B67F-8E19-4463-A7E0-21B573138EF8}.Release|Any CPU.ActiveCfg = Release|Any CPU
		{52A9B67F-8E19-4463-A7E0-21B573138EF8}.Release|Any CPU.Build.0 = Release|Any CPU
		{F08C9A60-2743-47E7-BFB4-BD7B356717E4}.Debug|Any CPU.ActiveCfg = Debug|Any CPU
		{F08C9A60-2743-47E7-BFB4-BD7B356717E4}.Debug|Any CPU.Build.0 = Debug|Any CPU
		{F08C9A60-2743-47E7-BFB4-BD7B356717E4}.Release|Any CPU.ActiveCfg = Release|Any CPU
		{F08C9A60-2743-47E7-BFB4-BD7B356717E4}.Release|Any CPU.Build.0 = Release|Any CPU
		{EC4A147D-BF64-4F87-9518-0D40334C3686}.Debug|Any CPU.ActiveCfg = Debug|Any CPU
		{EC4A147D-BF64-4F87-9518-0D40334C3686}.Debug|Any CPU.Build.0 = Debug|Any CPU
		{EC4A147D-BF64-4F87-9518-0D40334C3686}.Release|Any CPU.ActiveCfg = Release|Any CPU
		{EC4A147D-BF64-4F87-9518-0D40334C3686}.Release|Any CPU.Build.0 = Release|Any CPU
		{E72E11C5-8D97-413C-B79C-8A802356FC3A}.Debug|Any CPU.ActiveCfg = Debug|Any CPU
		{E72E11C5-8D97-413C-B79C-8A802356FC3A}.Debug|Any CPU.Build.0 = Debug|Any CPU
		{E72E11C5-8D97-413C-B79C-8A802356FC3A}.Release|Any CPU.ActiveCfg = Release|Any CPU
		{E72E11C5-8D97-413C-B79C-8A802356FC3A}.Release|Any CPU.Build.0 = Release|Any CPU
	EndGlobalSection
EndGlobal
